
Microsoft Visual Studio Solution File, Format Version 12.00
# Visual Studio 2013
VisualStudioVersion = 12.0.21005.1
MinimumVisualStudioVersion = 10.0.40219.1
Project("{8BC9CEB8-8B4A-11D0-8D11-00A0C91BC942}") = "EX03", "EX03\EX03.vcxproj", "{FBE4451D-454A-4160-B4AB-6A3EFDC1BA9F}"
EndProject
Global
	GlobalSection(SolutionConfigurationPlatforms) = preSolution
		Debug|Win32 = Debug|Win32
		Release|Win32 = Release|Win32
	EndGlobalSection
	GlobalSection(ProjectConfigurationPlatforms) = postSolution
		{FBE4451D-454A-4160-B4AB-6A3EFDC1BA9F}.Debug|Win32.ActiveCfg = Debug|Win32
		{FBE4451D-454A-4160-B4AB-6A3EFDC1BA9F}.Debug|Win32.Build.0 = Debug|Win32
		{FBE4451D-454A-4160-B4AB-6A3EFDC1BA9F}.Release|Win32.ActiveCfg = Release|Win32
		{FBE4451D-454A-4160-B4AB-6A3EFDC1BA9F}.Release|Win32.Build.0 = Release|Win32
	EndGlobalSection
	GlobalSection(SolutionProperties) = preSolution
		HideSolutionNode = FALSE
	EndGlobalSection
EndGlobal
